
Microsoft Visual Studio Solution File, Format Version 12.00
# Visual Studio Version 17
VisualStudioVersion = 17.8.34309.116
MinimumVisualStudioVersion = 10.0.40219.1
Project("{9A19103F-16F7-4668-BE54-9A1E7A4F7556}") = "Lesson1", "Lesson1\Lesson1.csproj", "{2FAF34F3-382A-48BA-870F-84C130BE23AC}"
EndProject
Project("{9A19103F-16F7-4668-BE54-9A1E7A4F7556}") = "Lesson2", "Lesson2\Lesson2.csproj", "{F327638B-FC65-4C5A-93EF-CEB1C6ACA39B}"
EndProject
Project("{9A19103F-16F7-4668-BE54-9A1E7A4F7556}") = "Lesson3", "Lesson3\Lesson3.csproj", "{60C8617A-E18F-4C4D-B324-F92ED6DB41DA}"
EndProject
Project("{9A19103F-16F7-4668-BE54-9A1E7A4F7556}") = "Lesson4", "Lesson4\Lesson4.csproj", "{B80D5394-4A59-4FAC-BF87-175FD6D564C5}"
EndProject
Project("{9A19103F-16F7-4668-BE54-9A1E7A4F7556}") = "Lesson5", "Lesson5\Lesson5.csproj", "{73C9E5C0-00A4-485C-A1D4-A059EC7227A4}"
EndProject
Project("{9A19103F-16F7-4668-BE54-9A1E7A4F7556}") = "Lesson5.Calculator.Console", "Lesson5.Calculator.Console\Lesson5.Calculator.Console.csproj", "{FBAC7902-C291-421C-9DF3-6847716C5601}"
EndProject
Project("{9A19103F-16F7-4668-BE54-9A1E7A4F7556}") = "Lesson5_6.CalculatorWPF", "Lesson5_6.CalculatorWPF\Lesson5_6.CalculatorWPF.csproj", "{54EA5E60-E42E-4557-8003-603938D18EE1}"
EndProject
Project("{FAE04EC0-301F-11D3-BF4B-00C04F79EFBC}") = "Lesson6", "Lesson6\Lesson6.csproj", "{B305F2C3-FF17-4F4C-80E7-10735C33DE8D}"
EndProject
Global
	GlobalSection(SolutionConfigurationPlatforms) = preSolution
		Debug|Any CPU = Debug|Any CPU
		Release|Any CPU = Release|Any CPU
	EndGlobalSection
	GlobalSection(ProjectConfigurationPlatforms) = postSolution
		{2FAF34F3-382A-48BA-870F-84C130BE23AC}.Debug|Any CPU.ActiveCfg = Debug|Any CPU
		{2FAF34F3-382A-48BA-870F-84C130BE23AC}.Debug|Any CPU.Build.0 = Debug|Any CPU
		{2FAF34F3-382A-48BA-870F-84C130BE23AC}.Release|Any CPU.ActiveCfg = Release|Any CPU
		{2FAF34F3-382A-48BA-870F-84C130BE23AC}.Release|Any CPU.Build.0 = Release|Any CPU
		{F327638B-FC65-4C5A-93EF-CEB1C6ACA39B}.Debug|Any CPU.ActiveCfg = Debug|Any CPU
		{F327638B-FC65-4C5A-93EF-CEB1C6ACA39B}.Debug|Any CPU.Build.0 = Debug|Any CPU
		{F327638B-FC65-4C5A-93EF-CEB1C6ACA39B}.Release|Any CPU.ActiveCfg = Release|Any CPU
		{F327638B-FC65-4C5A-93EF-CEB1C6ACA39B}.Release|Any CPU.Build.0 = Release|Any CPU
		{60C8617A-E18F-4C4D-B324-F92ED6DB41DA}.Debug|Any CPU.ActiveCfg = Debug|Any CPU
		{60C8617A-E18F-4C4D-B324-F92ED6DB41DA}.Debug|Any CPU.Build.0 = Debug|Any CPU
		{60C8617A-E18F-4C4D-B324-F92ED6DB41DA}.Release|Any CPU.ActiveCfg = Release|Any CPU
		{60C8617A-E18F-4C4D-B324-F92ED6DB41DA}.Release|Any CPU.Build.0 = Release|Any CPU
		{B80D5394-4A59-4FAC-BF87-175FD6D564C5}.Debug|Any CPU.ActiveCfg = Debug|Any CPU
		{B80D5394-4A59-4FAC-BF87-175FD6D564C5}.Debug|Any CPU.Build.0 = Debug|Any CPU
		{B80D5394-4A59-4FAC-BF87-175FD6D564C5}.Release|Any CPU.ActiveCfg = Release|Any CPU
		{B80D5394-4A59-4FAC-BF87-175FD6D564C5}.Release|Any CPU.Build.0 = Release|Any CPU
		{73C9E5C0-00A4-485C-A1D4-A059EC7227A4}.Debug|Any CPU.ActiveCfg = Debug|Any CPU
		{73C9E5C0-00A4-485C-A1D4-A059EC7227A4}.Debug|Any CPU.Build.0 = Debug|Any CPU
		{73C9E5C0-00A4-485C-A1D4-A059EC7227A4}.Release|Any CPU.ActiveCfg = Release|Any CPU
		{73C9E5C0-00A4-485C-A1D4-A059EC7227A4}.Release|Any CPU.Build.0 = Release|Any CPU
		{FBAC7902-C291-421C-9DF3-6847716C5601}.Debug|Any CPU.ActiveCfg = Debug|Any CPU
		{FBAC7902-C291-421C-9DF3-6847716C5601}.Debug|Any CPU.Build.0 = Debug|Any CPU
		{FBAC7902-C291-421C-9DF3-6847716C5601}.Release|Any CPU.ActiveCfg = Release|Any CPU
		{FBAC7902-C291-421C-9DF3-6847716C5601}.Release|Any CPU.Build.0 = Release|Any CPU
		{54EA5E60-E42E-4557-8003-603938D18EE1}.Debug|Any CPU.ActiveCfg = Debug|Any CPU
		{54EA5E60-E42E-4557-8003-603938D18EE1}.Debug|Any CPU.Build.0 = Debug|Any CPU
		{54EA5E60-E42E-4557-8003-603938D18EE1}.Release|Any CPU.ActiveCfg = Release|Any CPU
		{54EA5E60-E42E-4557-8003-603938D18EE1}.Release|Any CPU.Build.0 = Release|Any CPU
		{B305F2C3-FF17-4F4C-80E7-10735C33DE8D}.Debug|Any CPU.ActiveCfg = Debug|Any CPU
		{B305F2C3-FF17-4F4C-80E7-10735C33DE8D}.Debug|Any CPU.Build.0 = Debug|Any CPU
		{B305F2C3-FF17-4F4C-80E7-10735C33DE8D}.Release|Any CPU.ActiveCfg = Release|Any CPU
		{B305F2C3-FF17-4F4C-80E7-10735C33DE8D}.Release|Any CPU.Build.0 = Release|Any CPU
	EndGlobalSection
	GlobalSection(SolutionProperties) = preSolution
		HideSolutionNode = FALSE
	EndGlobalSection
	GlobalSection(ExtensibilityGlobals) = postSolution
		SolutionGuid = {3CF7A679-1F2E-4129-8D65-D3E68550769A}
	EndGlobalSection
EndGlobal
